// !$*UTF8*$!
{
	archiveVersion = 1;
	classes = {
	};
	objectVersion = 48;
	objects = {

/* Begin PBXBuildFile section */
		042E3D8E205B68D60082B18E /* AppDelegate.m in Sources */ = {isa = PBXBuildFile; fileRef = 042E3D8D205B68D60082B18E /* AppDelegate.m */; };
		042E3D91205B68D60082B18E /* ViewController.m in Sources */ = {isa = PBXBuildFile; fileRef = 042E3D90205B68D60082B18E /* ViewController.m */; };
		042E3D94205B68D60082B18E /* Main.storyboard in Resources */ = {isa = PBXBuildFile; fileRef = 042E3D92205B68D60082B18E /* Main.storyboard */; };
		042E3D96205B68D60082B18E /* Assets.xcassets in Resources */ = {isa = PBXBuildFile; fileRef = 042E3D95205B68D60082B18E /* Assets.xcassets */; };
		042E3D99205B68D60082B18E /* LaunchScreen.storyboard in Resources */ = {isa = PBXBuildFile; fileRef = 042E3D97205B68D60082B18E /* LaunchScreen.storyboard */; };
		042E3D9C205B68D60082B18E /* main.m in Sources */ = {isa = PBXBuildFile; fileRef = 042E3D9B205B68D60082B18E /* main.m */; };
		042E3DA6205B68D70082B18E /* Virtual_Private_NetworkTests.m in Sources */ = {isa = PBXBuildFile; fileRef = 042E3DA5205B68D70082B18E /* Virtual_Private_NetworkTests.m */; };
		042E3DB1205B68D70082B18E /* Virtual_Private_NetworkUITests.m in Sources */ = {isa = PBXBuildFile; fileRef = 042E3DB0205B68D70082B18E /* Virtual_Private_NetworkUITests.m */; };
		042E3DC4205B6B250082B18E /* RouteLine.m in Sources */ = {isa = PBXBuildFile; fileRef = 042E3DC3205B6B250082B18E /* RouteLine.m */; };
		042E3DC7205B72EF0082B18E /* PurchaseOrder.m in Sources */ = {isa = PBXBuildFile; fileRef = 042E3DC6205B72EF0082B18E /* PurchaseOrder.m */; };
		042E3DCA205B74830082B18E /* VPTabBarViewController.m in Sources */ = {isa = PBXBuildFile; fileRef = 042E3DC9205B74830082B18E /* VPTabBarViewController.m */; };
		042E3DCD205B74B60082B18E /* VPHomeViewController.m in Sources */ = {isa = PBXBuildFile; fileRef = 042E3DCC205B74B60082B18E /* VPHomeViewController.m */; };
		042E3DD0205B75050082B18E /* VPMemberViewController.m in Sources */ = {isa = PBXBuildFile; fileRef = 042E3DCF205B75050082B18E /* VPMemberViewController.m */; };
		042E3DD3205B75100082B18E /* VPMyViewController.m in Sources */ = {isa = PBXBuildFile; fileRef = 042E3DD2205B75100082B18E /* VPMyViewController.m */; };
		042E3DD6205B75300082B18E /* VPAboutUsViewController.m in Sources */ = {isa = PBXBuildFile; fileRef = 042E3DD5205B75300082B18E /* VPAboutUsViewController.m */; };
		042E3DD9205B755D0082B18E /* VPAgreementViewController.m in Sources */ = {isa = PBXBuildFile; fileRef = 042E3DD8205B755D0082B18E /* VPAgreementViewController.m */; };
		042E3DDC205B766A0082B18E /* VPBaseViewController.m in Sources */ = {isa = PBXBuildFile; fileRef = 042E3DDB205B766A0082B18E /* VPBaseViewController.m */; };
		042E3DDF205B982C0082B18E /* VPBaseNavigationController.m in Sources */ = {isa = PBXBuildFile; fileRef = 042E3DDE205B982C0082B18E /* VPBaseNavigationController.m */; };
		042E3DE2205B99ED0082B18E /* UIViewController+PopBlock.m in Sources */ = {isa = PBXBuildFile; fileRef = 042E3DE0205B99EC0082B18E /* UIViewController+PopBlock.m */; };
		042E3DE8205B9BD00082B18E /* UIBarButtonItem+addition.m in Sources */ = {isa = PBXBuildFile; fileRef = 042E3DE4205B9BCF0082B18E /* UIBarButtonItem+addition.m */; };
		042E3DE9205B9BD00082B18E /* UIView+Extension.m in Sources */ = {isa = PBXBuildFile; fileRef = 042E3DE7205B9BCF0082B18E /* UIView+Extension.m */; };
		042E3DEC205B9C850082B18E /* UINavigationBar+alpha.m in Sources */ = {isa = PBXBuildFile; fileRef = 042E3DEB205B9C850082B18E /* UINavigationBar+alpha.m */; };
		D022409735005DF6D77FC1DC /* libPods-Virtual Private Network.a in Frameworks */ = {isa = PBXBuildFile; fileRef = A20EF261F11D61A138C00D76 /* libPods-Virtual Private Network.a */; };
/* End PBXBuildFile section */

/* Begin PBXContainerItemProxy section */
		042E3DA2205B68D70082B18E /* PBXContainerItemProxy */ = {
			isa = PBXContainerItemProxy;
			containerPortal = 042E3D81205B68D60082B18E /* Project object */;
			proxyType = 1;
			remoteGlobalIDString = 042E3D88205B68D60082B18E;
			remoteInfo = "Virtual Private Network";
		};
		042E3DAD205B68D70082B18E /* PBXContainerItemProxy */ = {
			isa = PBXContainerItemProxy;
			containerPortal = 042E3D81205B68D60082B18E /* Project object */;
			proxyType = 1;
			remoteGlobalIDString = 042E3D88205B68D60082B18E;
			remoteInfo = "Virtual Private Network";
		};
/* End PBXContainerItemProxy section */

/* Begin PBXFileReference section */
		042E3D89205B68D60082B18E /* Virtual Private Network.app */ = {isa = PBXFileReference; explicitFileType = wrapper.application; includeInIndex = 0; path = "Virtual Private Network.app"; sourceTree = BUILT_PRODUCTS_DIR; };
		042E3D8C205B68D60082B18E /* AppDelegate.h */ = {isa = PBXFileReference; lastKnownFileType = sourcecode.c.h; path = AppDelegate.h; sourceTree = "<group>"; };
		042E3D8D205B68D60082B18E /* AppDelegate.m */ = {isa = PBXFileReference; lastKnownFileType = sourcecode.c.objc; path = AppDelegate.m; sourceTree = "<group>"; };
		042E3D8F205B68D60082B18E /* ViewController.h */ = {isa = PBXFileReference; lastKnownFileType = sourcecode.c.h; path = ViewController.h; sourceTree = "<group>"; };
		042E3D90205B68D60082B18E /* ViewController.m */ = {isa = PBXFileReference; lastKnownFileType = sourcecode.c.objc; path = ViewController.m; sourceTree = "<group>"; };
		042E3D93205B68D60082B18E /* Base */ = {isa = PBXFileReference; lastKnownFileType = file.storyboard; name = Base; path = Base.lproj/Main.storyboard; sourceTree = "<group>"; };
		042E3D95205B68D60082B18E /* Assets.xcassets */ = {isa = PBXFileReference; lastKnownFileType = folder.assetcatalog; path = Assets.xcassets; sourceTree = "<group>"; };
		042E3D98205B68D60082B18E /* Base */ = {isa = PBXFileReference; lastKnownFileType = file.storyboard; name = Base; path = Base.lproj/LaunchScreen.storyboard; sourceTree = "<group>"; };
		042E3D9A205B68D60082B18E /* Info.plist */ = {isa = PBXFileReference; lastKnownFileType = text.plist.xml; path = Info.plist; sourceTree = "<group>"; };
		042E3D9B205B68D60082B18E /* main.m */ = {isa = PBXFileReference; lastKnownFileType = sourcecode.c.objc; path = main.m; sourceTree = "<group>"; };
		042E3DA1205B68D70082B18E /* Virtual Private NetworkTests.xctest */ = {isa = PBXFileReference; explicitFileType = wrapper.cfbundle; includeInIndex = 0; path = "Virtual Private NetworkTests.xctest"; sourceTree = BUILT_PRODUCTS_DIR; };
		042E3DA5205B68D70082B18E /* Virtual_Private_NetworkTests.m */ = {isa = PBXFileReference; lastKnownFileType = sourcecode.c.objc; path = Virtual_Private_NetworkTests.m; sourceTree = "<group>"; };
		042E3DA7205B68D70082B18E /* Info.plist */ = {isa = PBXFileReference; lastKnownFileType = text.plist.xml; path = Info.plist; sourceTree = "<group>"; };
		042E3DAC205B68D70082B18E /* Virtual Private NetworkUITests.xctest */ = {isa = PBXFileReference; explicitFileType = wrapper.cfbundle; includeInIndex = 0; path = "Virtual Private NetworkUITests.xctest"; sourceTree = BUILT_PRODUCTS_DIR; };
		042E3DB0205B68D70082B18E /* Virtual_Private_NetworkUITests.m */ = {isa = PBXFileReference; lastKnownFileType = sourcecode.c.objc; path = Virtual_Private_NetworkUITests.m; sourceTree = "<group>"; };
		042E3DB2205B68D70082B18E /* Info.plist */ = {isa = PBXFileReference; lastKnownFileType = text.plist.xml; path = Info.plist; sourceTree = "<group>"; };
		042E3DBE205B69E00082B18E /* PrefixHeader.pch */ = {isa = PBXFileReference; lastKnownFileType = sourcecode.c.h; path = PrefixHeader.pch; sourceTree = "<group>"; };
		042E3DC2205B6B250082B18E /* RouteLine.h */ = {isa = PBXFileReference; lastKnownFileType = sourcecode.c.h; path = RouteLine.h; sourceTree = "<group>"; };
		042E3DC3205B6B250082B18E /* RouteLine.m */ = {isa = PBXFileReference; lastKnownFileType = sourcecode.c.objc; path = RouteLine.m; sourceTree = "<group>"; };
		042E3DC5205B72EF0082B18E /* PurchaseOrder.h */ = {isa = PBXFileReference; lastKnownFileType = sourcecode.c.h; path = PurchaseOrder.h; sourceTree = "<group>"; };
		042E3DC6205B72EF0082B18E /* PurchaseOrder.m */ = {isa = PBXFileReference; lastKnownFileType = sourcecode.c.objc; path = PurchaseOrder.m; sourceTree = "<group>"; };
		042E3DC8205B74830082B18E /* VPTabBarViewController.h */ = {isa = PBXFileReference; lastKnownFileType = sourcecode.c.h; path = VPTabBarViewController.h; sourceTree = "<group>"; };
		042E3DC9205B74830082B18E /* VPTabBarViewController.m */ = {isa = PBXFileReference; lastKnownFileType = sourcecode.c.objc; path = VPTabBarViewController.m; sourceTree = "<group>"; };
		042E3DCB205B74B60082B18E /* VPHomeViewController.h */ = {isa = PBXFileReference; lastKnownFileType = sourcecode.c.h; path = VPHomeViewController.h; sourceTree = "<group>"; };
		042E3DCC205B74B60082B18E /* VPHomeViewController.m */ = {isa = PBXFileReference; lastKnownFileType = sourcecode.c.objc; path = VPHomeViewController.m; sourceTree = "<group>"; };
		042E3DCE205B75050082B18E /* VPMemberViewController.h */ = {isa = PBXFileReference; lastKnownFileType = sourcecode.c.h; path = VPMemberViewController.h; sourceTree = "<group>"; };
		042E3DCF205B75050082B18E /* VPMemberViewController.m */ = {isa = PBXFileReference; lastKnownFileType = sourcecode.c.objc; path = VPMemberViewController.m; sourceTree = "<group>"; };
		042E3DD1205B75100082B18E /* VPMyViewController.h */ = {isa = PBXFileReference; lastKnownFileType = sourcecode.c.h; path = VPMyViewController.h; sourceTree = "<group>"; };
		042E3DD2205B75100082B18E /* VPMyViewController.m */ = {isa = PBXFileReference; lastKnownFileType = sourcecode.c.objc; path = VPMyViewController.m; sourceTree = "<group>"; };
		042E3DD4205B75300082B18E /* VPAboutUsViewController.h */ = {isa = PBXFileReference; lastKnownFileType = sourcecode.c.h; path = VPAboutUsViewController.h; sourceTree = "<group>"; };
		042E3DD5205B75300082B18E /* VPAboutUsViewController.m */ = {isa = PBXFileReference; lastKnownFileType = sourcecode.c.objc; path = VPAboutUsViewController.m; sourceTree = "<group>"; };
		042E3DD7205B755D0082B18E /* VPAgreementViewController.h */ = {isa = PBXFileReference; lastKnownFileType = sourcecode.c.h; path = VPAgreementViewController.h; sourceTree = "<group>"; };
		042E3DD8205B755D0082B18E /* VPAgreementViewController.m */ = {isa = PBXFileReference; lastKnownFileType = sourcecode.c.objc; path = VPAgreementViewController.m; sourceTree = "<group>"; };
		042E3DDA205B766A0082B18E /* VPBaseViewController.h */ = {isa = PBXFileReference; lastKnownFileType = sourcecode.c.h; path = VPBaseViewController.h; sourceTree = "<group>"; };
		042E3DDB205B766A0082B18E /* VPBaseViewController.m */ = {isa = PBXFileReference; lastKnownFileType = sourcecode.c.objc; path = VPBaseViewController.m; sourceTree = "<group>"; };
		042E3DDD205B982C0082B18E /* VPBaseNavigationController.h */ = {isa = PBXFileReference; lastKnownFileType = sourcecode.c.h; path = VPBaseNavigationController.h; sourceTree = "<group>"; };
		042E3DDE205B982C0082B18E /* VPBaseNavigationController.m */ = {isa = PBXFileReference; lastKnownFileType = sourcecode.c.objc; path = VPBaseNavigationController.m; sourceTree = "<group>"; };
		042E3DE0205B99EC0082B18E /* UIViewController+PopBlock.m */ = {isa = PBXFileReference; fileEncoding = 4; lastKnownFileType = sourcecode.c.objc; path = "UIViewController+PopBlock.m"; sourceTree = "<group>"; };
		042E3DE1205B99ED0082B18E /* UIViewController+PopBlock.h */ = {isa = PBXFileReference; fileEncoding = 4; lastKnownFileType = sourcecode.c.h; path = "UIViewController+PopBlock.h"; sourceTree = "<group>"; };
		042E3DE4205B9BCF0082B18E /* UIBarButtonItem+addition.m */ = {isa = PBXFileReference; fileEncoding = 4; lastKnownFileType = sourcecode.c.objc; path = "UIBarButtonItem+addition.m"; sourceTree = "<group>"; };
		042E3DE5205B9BCF0082B18E /* UIView+Extension.h */ = {isa = PBXFileReference; fileEncoding = 4; lastKnownFileType = sourcecode.c.h; path = "UIView+Extension.h"; sourceTree = "<group>"; };
		042E3DE6205B9BCF0082B18E /* UIBarButtonItem+addition.h */ = {isa = PBXFileReference; fileEncoding = 4; lastKnownFileType = sourcecode.c.h; path = "UIBarButtonItem+addition.h"; sourceTree = "<group>"; };
		042E3DE7205B9BCF0082B18E /* UIView+Extension.m */ = {isa = PBXFileReference; fileEncoding = 4; lastKnownFileType = sourcecode.c.objc; path = "UIView+Extension.m"; sourceTree = "<group>"; };
		042E3DEA205B9C850082B18E /* UINavigationBar+alpha.h */ = {isa = PBXFileReference; fileEncoding = 4; lastKnownFileType = sourcecode.c.h; path = "UINavigationBar+alpha.h"; sourceTree = "<group>"; };
		042E3DEB205B9C850082B18E /* UINavigationBar+alpha.m */ = {isa = PBXFileReference; fileEncoding = 4; lastKnownFileType = sourcecode.c.objc; path = "UINavigationBar+alpha.m"; sourceTree = "<group>"; };
		042E3DED205BA3100082B18E /* Macro.h */ = {isa = PBXFileReference; lastKnownFileType = sourcecode.c.h; path = Macro.h; sourceTree = "<group>"; };
		8EB3A622CCB19CD66EF78675 /* Pods-Virtual Private Network.debug.xcconfig */ = {isa = PBXFileReference; includeInIndex = 1; lastKnownFileType = text.xcconfig; name = "Pods-Virtual Private Network.debug.xcconfig"; path = "Pods/Target Support Files/Pods-Virtual Private Network/Pods-Virtual Private Network.debug.xcconfig"; sourceTree = "<group>"; };
		A20EF261F11D61A138C00D76 /* libPods-Virtual Private Network.a */ = {isa = PBXFileReference; explicitFileType = archive.ar; includeInIndex = 0; path = "libPods-Virtual Private Network.a"; sourceTree = BUILT_PRODUCTS_DIR; };
		F318D9FD4BEFEABDF898F6B8 /* Pods-Virtual Private Network.release.xcconfig */ = {isa = PBXFileReference; includeInIndex = 1; lastKnownFileType = text.xcconfig; name = "Pods-Virtual Private Network.release.xcconfig"; path = "Pods/Target Support Files/Pods-Virtual Private Network/Pods-Virtual Private Network.release.xcconfig"; sourceTree = "<group>"; };
/* End PBXFileReference section */

/* Begin PBXFrameworksBuildPhase section */
		042E3D86205B68D60082B18E /* Frameworks */ = {
			isa = PBXFrameworksBuildPhase;
			buildActionMask = 2147483647;
			files = (
				D022409735005DF6D77FC1DC /* libPods-Virtual Private Network.a in Frameworks */,
			);
			runOnlyForDeploymentPostprocessing = 0;
		};
		042E3D9E205B68D70082B18E /* Frameworks */ = {
			isa = PBXFrameworksBuildPhase;
			buildActionMask = 2147483647;
			files = (
			);
			runOnlyForDeploymentPostprocessing = 0;
		};
		042E3DA9205B68D70082B18E /* Frameworks */ = {
			isa = PBXFrameworksBuildPhase;
			buildActionMask = 2147483647;
			files = (
			);
			runOnlyForDeploymentPostprocessing = 0;
		};
/* End PBXFrameworksBuildPhase section */

/* Begin PBXGroup section */
		042E3D80205B68D60082B18E = {
			isa = PBXGroup;
			children = (
				042E3D8B205B68D60082B18E /* Virtual Private Network */,
				042E3DA4205B68D70082B18E /* Virtual Private NetworkTests */,
				042E3DAF205B68D70082B18E /* Virtual Private NetworkUITests */,
				042E3D8A205B68D60082B18E /* Products */,
				E2E3DBD4AA02B5C595D81A42 /* Pods */,
				9BA20C00B420794597B72E6A /* Frameworks */,
			);
			sourceTree = "<group>";
		};
		042E3D8A205B68D60082B18E /* Products */ = {
			isa = PBXGroup;
			children = (
				042E3D89205B68D60082B18E /* Virtual Private Network.app */,
				042E3DA1205B68D70082B18E /* Virtual Private NetworkTests.xctest */,
				042E3DAC205B68D70082B18E /* Virtual Private NetworkUITests.xctest */,
			);
			name = Products;
			sourceTree = "<group>";
		};
		042E3D8B205B68D60082B18E /* Virtual Private Network */ = {
			isa = PBXGroup;
			children = (
				042E3DE3205B9BCF0082B18E /* Category */,
				042E3DC1205B6AFD0082B18E /* View */,
				042E3DC0205B6AEB0082B18E /* Model */,
				042E3DBF205B6AC80082B18E /* Controller */,
				042E3D8C205B68D60082B18E /* AppDelegate.h */,
				042E3D8D205B68D60082B18E /* AppDelegate.m */,
				042E3D8F205B68D60082B18E /* ViewController.h */,
				042E3D90205B68D60082B18E /* ViewController.m */,
				042E3D92205B68D60082B18E /* Main.storyboard */,
				042E3D95205B68D60082B18E /* Assets.xcassets */,
				042E3D97205B68D60082B18E /* LaunchScreen.storyboard */,
				042E3D9A205B68D60082B18E /* Info.plist */,
				042E3D9B205B68D60082B18E /* main.m */,
				042E3DBE205B69E00082B18E /* PrefixHeader.pch */,
				042E3DED205BA3100082B18E /* Macro.h */,
			);
			path = "Virtual Private Network";
			sourceTree = "<group>";
		};
		042E3DA4205B68D70082B18E /* Virtual Private NetworkTests */ = {
			isa = PBXGroup;
			children = (
				042E3DA5205B68D70082B18E /* Virtual_Private_NetworkTests.m */,
				042E3DA7205B68D70082B18E /* Info.plist */,
			);
			path = "Virtual Private NetworkTests";
			sourceTree = "<group>";
		};
		042E3DAF205B68D70082B18E /* Virtual Private NetworkUITests */ = {
			isa = PBXGroup;
			children = (
				042E3DB0205B68D70082B18E /* Virtual_Private_NetworkUITests.m */,
				042E3DB2205B68D70082B18E /* Info.plist */,
			);
			path = "Virtual Private NetworkUITests";
			sourceTree = "<group>";
		};
		042E3DBF205B6AC80082B18E /* Controller */ = {
			isa = PBXGroup;
			children = (
				042E3DC8205B74830082B18E /* VPTabBarViewController.h */,
				042E3DC9205B74830082B18E /* VPTabBarViewController.m */,
				042E3DCB205B74B60082B18E /* VPHomeViewController.h */,
				042E3DCC205B74B60082B18E /* VPHomeViewController.m */,
				042E3DCE205B75050082B18E /* VPMemberViewController.h */,
				042E3DCF205B75050082B18E /* VPMemberViewController.m */,
				042E3DD1205B75100082B18E /* VPMyViewController.h */,
				042E3DD2205B75100082B18E /* VPMyViewController.m */,
				042E3DD4205B75300082B18E /* VPAboutUsViewController.h */,
				042E3DD5205B75300082B18E /* VPAboutUsViewController.m */,
				042E3DD7205B755D0082B18E /* VPAgreementViewController.h */,
				042E3DD8205B755D0082B18E /* VPAgreementViewController.m */,
				042E3DDA205B766A0082B18E /* VPBaseViewController.h */,
				042E3DDB205B766A0082B18E /* VPBaseViewController.m */,
				042E3DDD205B982C0082B18E /* VPBaseNavigationController.h */,
				042E3DDE205B982C0082B18E /* VPBaseNavigationController.m */,
				042E3DE1205B99ED0082B18E /* UIViewController+PopBlock.h */,
				042E3DE0205B99EC0082B18E /* UIViewController+PopBlock.m */,
			);
			path = Controller;
			sourceTree = "<group>";
		};
		042E3DC0205B6AEB0082B18E /* Model */ = {
			isa = PBXGroup;
			children = (
				042E3DC2205B6B250082B18E /* RouteLine.h */,
				042E3DC3205B6B250082B18E /* RouteLine.m */,
				042E3DC5205B72EF0082B18E /* PurchaseOrder.h */,
				042E3DC6205B72EF0082B18E /* PurchaseOrder.m */,
			);
			path = Model;
			sourceTree = "<group>";
		};
		042E3DC1205B6AFD0082B18E /* View */ = {
			isa = PBXGroup;
			children = (
			);
			path = View;
			sourceTree = "<group>";
		};
		042E3DE3205B9BCF0082B18E /* Category */ = {
			isa = PBXGroup;
			children = (
				042E3DEA205B9C850082B18E /* UINavigationBar+alpha.h */,
				042E3DEB205B9C850082B18E /* UINavigationBar+alpha.m */,
				042E3DE4205B9BCF0082B18E /* UIBarButtonItem+addition.m */,
				042E3DE5205B9BCF0082B18E /* UIView+Extension.h */,
				042E3DE6205B9BCF0082B18E /* UIBarButtonItem+addition.h */,
				042E3DE7205B9BCF0082B18E /* UIView+Extension.m */,
			);
			path = Category;
			sourceTree = "<group>";
		};
		9BA20C00B420794597B72E6A /* Frameworks */ = {
			isa = PBXGroup;
			children = (
				A20EF261F11D61A138C00D76 /* libPods-Virtual Private Network.a */,
			);
			name = Frameworks;
			sourceTree = "<group>";
		};
		E2E3DBD4AA02B5C595D81A42 /* Pods */ = {
			isa = PBXGroup;
			children = (
				8EB3A622CCB19CD66EF78675 /* Pods-Virtual Private Network.debug.xcconfig */,
				F318D9FD4BEFEABDF898F6B8 /* Pods-Virtual Private Network.release.xcconfig */,
			);
			name = Pods;
			sourceTree = "<group>";
		};
/* End PBXGroup section */

/* Begin PBXNativeTarget section */
		042E3D88205B68D60082B18E /* Virtual Private Network */ = {
			isa = PBXNativeTarget;
			buildConfigurationList = 042E3DB5205B68D70082B18E /* Build configuration list for PBXNativeTarget "Virtual Private Network" */;
			buildPhases = (
				55718BC6A32AC5D83E7B285B /* [CP] Check Pods Manifest.lock */,
				042E3D85205B68D60082B18E /* Sources */,
				042E3D86205B68D60082B18E /* Frameworks */,
				042E3D87205B68D60082B18E /* Resources */,
				2ADFE58DE03F45FDE6B71E34 /* [CP] Embed Pods Frameworks */,
				5569D97A166F18A7B8BB7D9D /* [CP] Copy Pods Resources */,
			);
			buildRules = (
			);
			dependencies = (
			);
			name = "Virtual Private Network";
			productName = "Virtual Private Network";
			productReference = 042E3D89205B68D60082B18E /* Virtual Private Network.app */;
			productType = "com.apple.product-type.application";
		};
		042E3DA0205B68D70082B18E /* Virtual Private NetworkTests */ = {
			isa = PBXNativeTarget;
			buildConfigurationList = 042E3DB8205B68D70082B18E /* Build configuration list for PBXNativeTarget "Virtual Private NetworkTests" */;
			buildPhases = (
				042E3D9D205B68D70082B18E /* Sources */,
				042E3D9E205B68D70082B18E /* Frameworks */,
				042E3D9F205B68D70082B18E /* Resources */,
			);
			buildRules = (
			);
			dependencies = (
				042E3DA3205B68D70082B18E /* PBXTargetDependency */,
			);
			name = "Virtual Private NetworkTests";
			productName = "Virtual Private NetworkTests";
			productReference = 042E3DA1205B68D70082B18E /* Virtual Private NetworkTests.xctest */;
			productType = "com.apple.product-type.bundle.unit-test";
		};
		042E3DAB205B68D70082B18E /* Virtual Private NetworkUITests */ = {
			isa = PBXNativeTarget;
			buildConfigurationList = 042E3DBB205B68D70082B18E /* Build configuration list for PBXNativeTarget "Virtual Private NetworkUITests" */;
			buildPhases = (
				042E3DA8205B68D70082B18E /* Sources */,
				042E3DA9205B68D70082B18E /* Frameworks */,
				042E3DAA205B68D70082B18E /* Resources */,
			);
			buildRules = (
			);
			dependencies = (
				042E3DAE205B68D70082B18E /* PBXTargetDependency */,
			);
			name = "Virtual Private NetworkUITests";
			productName = "Virtual Private NetworkUITests";
			productReference = 042E3DAC205B68D70082B18E /* Virtual Private NetworkUITests.xctest */;
			productType = "com.apple.product-type.bundle.ui-testing";
		};
/* End PBXNativeTarget section */

/* Begin PBXProject section */
		042E3D81205B68D60082B18E /* Project object */ = {
			isa = PBXProject;
			attributes = {
				LastUpgradeCheck = 0900;
				ORGANIZATIONNAME = mac;
				TargetAttributes = {
					042E3D88205B68D60082B18E = {
						CreatedOnToolsVersion = 9.0.1;
						ProvisioningStyle = Automatic;
					};
					042E3DA0205B68D70082B18E = {
						CreatedOnToolsVersion = 9.0.1;
						ProvisioningStyle = Automatic;
						TestTargetID = 042E3D88205B68D60082B18E;
					};
					042E3DAB205B68D70082B18E = {
						CreatedOnToolsVersion = 9.0.1;
						ProvisioningStyle = Automatic;
						TestTargetID = 042E3D88205B68D60082B18E;
					};
				};
			};
			buildConfigurationList = 042E3D84205B68D60082B18E /* Build configuration list for PBXProject "Virtual Private Network" */;
			compatibilityVersion = "Xcode 8.0";
			developmentRegion = en;
			hasScannedForEncodings = 0;
			knownRegions = (
				en,
				Base,
			);
			mainGroup = 042E3D80205B68D60082B18E;
			productRefGroup = 042E3D8A205B68D60082B18E /* Products */;
			projectDirPath = "";
			projectRoot = "";
			targets = (
				042E3D88205B68D60082B18E /* Virtual Private Network */,
				042E3DA0205B68D70082B18E /* Virtual Private NetworkTests */,
				042E3DAB205B68D70082B18E /* Virtual Private NetworkUITests */,
			);
		};
/* End PBXProject section */

/* Begin PBXResourcesBuildPhase section */
		042E3D87205B68D60082B18E /* Resources */ = {
			isa = PBXResourcesBuildPhase;
			buildActionMask = 2147483647;
			files = (
				042E3D99205B68D60082B18E /* LaunchScreen.storyboard in Resources */,
				042E3D96205B68D60082B18E /* Assets.xcassets in Resources */,
				042E3D94205B68D60082B18E /* Main.storyboard in Resources */,
			);
			runOnlyForDeploymentPostprocessing = 0;
		};
		042E3D9F205B68D70082B18E /* Resources */ = {
			isa = PBXResourcesBuildPhase;
			buildActionMask = 2147483647;
			files = (
			);
			runOnlyForDeploymentPostprocessing = 0;
		};
		042E3DAA205B68D70082B18E /* Resources */ = {
			isa = PBXResourcesBuildPhase;
			buildActionMask = 2147483647;
			files = (
			);
			runOnlyForDeploymentPostprocessing = 0;
		};
/* End PBXResourcesBuildPhase section */

/* Begin PBXShellScriptBuildPhase section */
		2ADFE58DE03F45FDE6B71E34 /* [CP] Embed Pods Frameworks */ = {
			isa = PBXShellScriptBuildPhase;
			buildActionMask = 2147483647;
			files = (
			);
			inputPaths = (
			);
			name = "[CP] Embed Pods Frameworks";
			outputPaths = (
			);
			runOnlyForDeploymentPostprocessing = 0;
			shellPath = /bin/sh;
			shellScript = "\"${SRCROOT}/Pods/Target Support Files/Pods-Virtual Private Network/Pods-Virtual Private Network-frameworks.sh\"\n";
			showEnvVarsInLog = 0;
		};
		5569D97A166F18A7B8BB7D9D /* [CP] Copy Pods Resources */ = {
			isa = PBXShellScriptBuildPhase;
			buildActionMask = 2147483647;
			files = (
			);
			inputPaths = (
				"${SRCROOT}/Pods/Target Support Files/Pods-Virtual Private Network/Pods-Virtual Private Network-resources.sh",
				"${PODS_ROOT}/AVOSCloud/AVOS/AVOSCloud/AVOSCloud_Art.inc",
				"${PODS_ROOT}/MJRefresh/MJRefresh/MJRefresh.bundle",
			);
			name = "[CP] Copy Pods Resources";
			outputPaths = (
				"${TARGET_BUILD_DIR}/${UNLOCALIZED_RESOURCES_FOLDER_PATH}",
			);
			runOnlyForDeploymentPostprocessing = 0;
			shellPath = /bin/sh;
			shellScript = "\"${SRCROOT}/Pods/Target Support Files/Pods-Virtual Private Network/Pods-Virtual Private Network-resources.sh\"\n";
			showEnvVarsInLog = 0;
		};
		55718BC6A32AC5D83E7B285B /* [CP] Check Pods Manifest.lock */ = {
			isa = PBXShellScriptBuildPhase;
			buildActionMask = 2147483647;
			files = (
			);
			inputPaths = (
				"${PODS_PODFILE_DIR_PATH}/Podfile.lock",
				"${PODS_ROOT}/Manifest.lock",
			);
			name = "[CP] Check Pods Manifest.lock";
			outputPaths = (
				"$(DERIVED_FILE_DIR)/Pods-Virtual Private Network-checkManifestLockResult.txt",
			);
			runOnlyForDeploymentPostprocessing = 0;
			shellPath = /bin/sh;
			shellScript = "diff \"${PODS_PODFILE_DIR_PATH}/Podfile.lock\" \"${PODS_ROOT}/Manifest.lock\" > /dev/null\nif [ $? != 0 ] ; then\n    # print error to STDERR\n    echo \"error: The sandbox is not in sync with the Podfile.lock. Run 'pod install' or update your CocoaPods installation.\" >&2\n    exit 1\nfi\n# This output is used by Xcode 'outputs' to avoid re-running this script phase.\necho \"SUCCESS\" > \"${SCRIPT_OUTPUT_FILE_0}\"\n";
			showEnvVarsInLog = 0;
		};
/* End PBXShellScriptBuildPhase section */

/* Begin PBXSourcesBuildPhase section */
		042E3D85205B68D60082B18E /* Sources */ = {
			isa = PBXSourcesBuildPhase;
			buildActionMask = 2147483647;
			files = (
				042E3DD0205B75050082B18E /* VPMemberViewController.m in Sources */,
				042E3DDC205B766A0082B18E /* VPBaseViewController.m in Sources */,
				042E3DCA205B74830082B18E /* VPTabBarViewController.m in Sources */,
				042E3DD6205B75300082B18E /* VPAboutUsViewController.m in Sources */,
				042E3DD9205B755D0082B18E /* VPAgreementViewController.m in Sources */,
				042E3D91205B68D60082B18E /* ViewController.m in Sources */,
				042E3DD3205B75100082B18E /* VPMyViewController.m in Sources */,
				042E3DC4205B6B250082B18E /* RouteLine.m in Sources */,
				042E3DDF205B982C0082B18E /* VPBaseNavigationController.m in Sources */,
				042E3DCD205B74B60082B18E /* VPHomeViewController.m in Sources */,
				042E3DEC205B9C850082B18E /* UINavigationBar+alpha.m in Sources */,
				042E3D9C205B68D60082B18E /* main.m in Sources */,
				042E3D8E205B68D60082B18E /* AppDelegate.m in Sources */,
				042E3DE2205B99ED0082B18E /* UIViewController+PopBlock.m in Sources */,
				042E3DC7205B72EF0082B18E /* PurchaseOrder.m in Sources */,
				042E3DE9205B9BD00082B18E /* UIView+Extension.m in Sources */,
				042E3DE8205B9BD00082B18E /* UIBarButtonItem+addition.m in Sources */,
			);
			runOnlyForDeploymentPostprocessing = 0;
		};
		042E3D9D205B68D70082B18E /* Sources */ = {
			isa = PBXSourcesBuildPhase;
			buildActionMask = 2147483647;
			files = (
				042E3DA6205B68D70082B18E /* Virtual_Private_NetworkTests.m in Sources */,
			);
			runOnlyForDeploymentPostprocessing = 0;
		};
		042E3DA8205B68D70082B18E /* Sources */ = {
			isa = PBXSourcesBuildPhase;
			buildActionMask = 2147483647;
			files = (
				042E3DB1205B68D70082B18E /* Virtual_Private_NetworkUITests.m in Sources */,
			);
			runOnlyForDeploymentPostprocessing = 0;
		};
/* End PBXSourcesBuildPhase section */

/* Begin PBXTargetDependency section */
		042E3DA3205B68D70082B18E /* PBXTargetDependency */ = {
			isa = PBXTargetDependency;
			target = 042E3D88205B68D60082B18E /* Virtual Private Network */;
			targetProxy = 042E3DA2205B68D70082B18E /* PBXContainerItemProxy */;
		};
		042E3DAE205B68D70082B18E /* PBXTargetDependency */ = {
			isa = PBXTargetDependency;
			target = 042E3D88205B68D60082B18E /* Virtual Private Network */;
			targetProxy = 042E3DAD205B68D70082B18E /* PBXContainerItemProxy */;
		};
/* End PBXTargetDependency section */

/* Begin PBXVariantGroup section */
		042E3D92205B68D60082B18E /* Main.storyboard */ = {
			isa = PBXVariantGroup;
			children = (
				042E3D93205B68D60082B18E /* Base */,
			);
			name = Main.storyboard;
			sourceTree = "<group>";
		};
		042E3D97205B68D60082B18E /* LaunchScreen.storyboard */ = {
			isa = PBXVariantGroup;
			children = (
				042E3D98205B68D60082B18E /* Base */,
			);
			name = LaunchScreen.storyboard;
			sourceTree = "<group>";
		};
/* End PBXVariantGroup section */

/* Begin XCBuildConfiguration section */
		042E3DB3205B68D70082B18E /* Debug */ = {
			isa = XCBuildConfiguration;
			buildSettings = {
				ALWAYS_SEARCH_USER_PATHS = NO;
				CLANG_ANALYZER_NONNULL = YES;
				CLANG_ANALYZER_NUMBER_OBJECT_CONVERSION = YES_AGGRESSIVE;
				CLANG_CXX_LANGUAGE_STANDARD = "gnu++14";
				CLANG_CXX_LIBRARY = "libc++";
				CLANG_ENABLE_MODULES = YES;
				CLANG_ENABLE_OBJC_ARC = YES;
				CLANG_WARN_BLOCK_CAPTURE_AUTORELEASING = YES;
				CLANG_WARN_BOOL_CONVERSION = YES;
				CLANG_WARN_COMMA = YES;
				CLANG_WARN_CONSTANT_CONVERSION = YES;
				CLANG_WARN_DIRECT_OBJC_ISA_USAGE = YES_ERROR;
				CLANG_WARN_DOCUMENTATION_COMMENTS = YES;
				CLANG_WARN_EMPTY_BODY = YES;
				CLANG_WARN_ENUM_CONVERSION = YES;
				CLANG_WARN_INFINITE_RECURSION = YES;
				CLANG_WARN_INT_CONVERSION = YES;
				CLANG_WARN_NON_LITERAL_NULL_CONVERSION = YES;
				CLANG_WARN_OBJC_LITERAL_CONVERSION = YES;
				CLANG_WARN_OBJC_ROOT_CLASS = YES_ERROR;
				CLANG_WARN_RANGE_LOOP_ANALYSIS = YES;
				CLANG_WARN_STRICT_PROTOTYPES = YES;
				CLANG_WARN_SUSPICIOUS_MOVE = YES;
				CLANG_WARN_UNGUARDED_AVAILABILITY = YES_AGGRESSIVE;
				CLANG_WARN_UNREACHABLE_CODE = YES;
				CLANG_WARN__DUPLICATE_METHOD_MATCH = YES;
				CODE_SIGN_IDENTITY = "iPhone Developer";
				COPY_PHASE_STRIP = NO;
				DEBUG_INFORMATION_FORMAT = dwarf;
				ENABLE_STRICT_OBJC_MSGSEND = YES;
				ENABLE_TESTABILITY = YES;
				GCC_C_LANGUAGE_STANDARD = gnu11;
				GCC_DYNAMIC_NO_PIC = NO;
				GCC_NO_COMMON_BLOCKS = YES;
				GCC_OPTIMIZATION_LEVEL = 0;
				GCC_PREPROCESSOR_DEFINITIONS = (
					"DEBUG=1",
					"$(inherited)",
				);
				GCC_WARN_64_TO_32_BIT_CONVERSION = YES;
				GCC_WARN_ABOUT_RETURN_TYPE = YES_ERROR;
				GCC_WARN_UNDECLARED_SELECTOR = YES;
				GCC_WARN_UNINITIALIZED_AUTOS = YES_AGGRESSIVE;
				GCC_WARN_UNUSED_FUNCTION = YES;
				GCC_WARN_UNUSED_VARIABLE = YES;
				IPHONEOS_DEPLOYMENT_TARGET = 11.0;
				MTL_ENABLE_DEBUG_INFO = YES;
				ONLY_ACTIVE_ARCH = YES;
				SDKROOT = iphoneos;
			};
			name = Debug;
		};
		042E3DB4205B68D70082B18E /* Release */ = {
			isa = XCBuildConfiguration;
			buildSettings = {
				ALWAYS_SEARCH_USER_PATHS = NO;
				CLANG_ANALYZER_NONNULL = YES;
				CLANG_ANALYZER_NUMBER_OBJECT_CONVERSION = YES_AGGRESSIVE;
				CLANG_CXX_LANGUAGE_STANDARD = "gnu++14";
				CLANG_CXX_LIBRARY = "libc++";
				CLANG_ENABLE_MODULES = YES;
				CLANG_ENABLE_OBJC_ARC = YES;
				CLANG_WARN_BLOCK_CAPTURE_AUTORELEASING = YES;
				CLANG_WARN_BOOL_CONVERSION = YES;
				CLANG_WARN_COMMA = YES;
				CLANG_WARN_CONSTANT_CONVERSION = YES;
				CLANG_WARN_DIRECT_OBJC_ISA_USAGE = YES_ERROR;
				CLANG_WARN_DOCUMENTATION_COMMENTS = YES;
				CLANG_WARN_EMPTY_BODY = YES;
				CLANG_WARN_ENUM_CONVERSION = YES;
				CLANG_WARN_INFINITE_RECURSION = YES;
				CLANG_WARN_INT_CONVERSION = YES;
				CLANG_WARN_NON_LITERAL_NULL_CONVERSION = YES;
				CLANG_WARN_OBJC_LITERAL_CONVERSION = YES;
				CLANG_WARN_OBJC_ROOT_CLASS = YES_ERROR;
				CLANG_WARN_RANGE_LOOP_ANALYSIS = YES;
				CLANG_WARN_STRICT_PROTOTYPES = YES;
				CLANG_WARN_SUSPICIOUS_MOVE = YES;
				CLANG_WARN_UNGUARDED_AVAILABILITY = YES_AGGRESSIVE;
				CLANG_WARN_UNREACHABLE_CODE = YES;
				CLANG_WARN__DUPLICATE_METHOD_MATCH = YES;
				CODE_SIGN_IDENTITY = "iPhone Developer";
				COPY_PHASE_STRIP = NO;
				DEBUG_INFORMATION_FORMAT = "dwarf-with-dsym";
				ENABLE_NS_ASSERTIONS = NO;
				ENABLE_STRICT_OBJC_MSGSEND = YES;
				GCC_C_LANGUAGE_STANDARD = gnu11;
				GCC_NO_COMMON_BLOCKS = YES;
				GCC_WARN_64_TO_32_BIT_CONVERSION = YES;
				GCC_WARN_ABOUT_RETURN_TYPE = YES_ERROR;
				GCC_WARN_UNDECLARED_SELECTOR = YES;
				GCC_WARN_UNINITIALIZED_AUTOS = YES_AGGRESSIVE;
				GCC_WARN_UNUSED_FUNCTION = YES;
				GCC_WARN_UNUSED_VARIABLE = YES;
				IPHONEOS_DEPLOYMENT_TARGET = 11.0;
				MTL_ENABLE_DEBUG_INFO = NO;
				SDKROOT = iphoneos;
				VALIDATE_PRODUCT = YES;
			};
			name = Release;
		};
		042E3DB6205B68D70082B18E /* Debug */ = {
			isa = XCBuildConfiguration;
			baseConfigurationReference = 8EB3A622CCB19CD66EF78675 /* Pods-Virtual Private Network.debug.xcconfig */;
			buildSettings = {
				ASSETCATALOG_COMPILER_APPICON_NAME = AppIcon;
				CODE_SIGN_STYLE = Automatic;
				DEVELOPMENT_TEAM = FJC4YVDSFX;
				GCC_PRECOMPILE_PREFIX_HEADER = YES;
				GCC_PREFIX_HEADER = "/Users/mac/Desktop/Virtual Private Network/Virtual Private Network/PrefixHeader.pch";
				INFOPLIST_FILE = "Virtual Private Network/Info.plist";
				IPHONEOS_DEPLOYMENT_TARGET = 8.0;
				LD_RUNPATH_SEARCH_PATHS = "$(inherited) @executable_path/Frameworks";
				PRODUCT_BUNDLE_IDENTIFIER = "com.lizhipeng.test.Virtual-Private-Network";
				PRODUCT_NAME = "$(TARGET_NAME)";
				TARGETED_DEVICE_FAMILY = "1,2";
			};
			name = Debug;
		};
		042E3DB7205B68D70082B18E /* Release */ = {
			isa = XCBuildConfiguration;
			baseConfigurationReference = F318D9FD4BEFEABDF898F6B8 /* Pods-Virtual Private Network.release.xcconfig */;
			buildSettings = {
				ASSETCATALOG_COMPILER_APPICON_NAME = AppIcon;
				CODE_SIGN_STYLE = Automatic;
				DEVELOPMENT_TEAM = FJC4YVDSFX;
				GCC_PRECOMPILE_PREFIX_HEADER = YES;
				GCC_PREFIX_HEADER = "/Users/mac/Desktop/Virtual Private Network/Virtual Private Network/PrefixHeader.pch";
				INFOPLIST_FILE = "Virtual Private Network/Info.plist";
				IPHONEOS_DEPLOYMENT_TARGET = 8.0;
				LD_RUNPATH_SEARCH_PATHS = "$(inherited) @executable_path/Frameworks";
				PRODUCT_BUNDLE_IDENTIFIER = "com.lizhipeng.test.Virtual-Private-Network";
				PRODUCT_NAME = "$(TARGET_NAME)";
				TARGETED_DEVICE_FAMILY = "1,2";
			};
			name = Release;
		};
		042E3DB9205B68D70082B18E /* Debug */ = {
			isa = XCBuildConfiguration;
			buildSettings = {
				BUNDLE_LOADER = "$(TEST_HOST)";
				CODE_SIGN_STYLE = Automatic;
				DEVELOPMENT_TEAM = FJC4YVDSFX;
				INFOPLIST_FILE = "Virtual Private NetworkTests/Info.plist";
				LD_RUNPATH_SEARCH_PATHS = "$(inherited) @executable_path/Frameworks @loader_path/Frameworks";
				PRODUCT_BUNDLE_IDENTIFIER = "com.lizhipeng.test.Virtual-Private-NetworkTests";
				PRODUCT_NAME = "$(TARGET_NAME)";
				TARGETED_DEVICE_FAMILY = "1,2";
				TEST_HOST = "$(BUILT_PRODUCTS_DIR)/Virtual Private Network.app/Virtual Private Network";
			};
			name = Debug;
		};
		042E3DBA205B68D70082B18E /* Release */ = {
			isa = XCBuildConfiguration;
			buildSettings = {
				BUNDLE_LOADER = "$(TEST_HOST)";
				CODE_SIGN_STYLE = Automatic;
				DEVELOPMENT_TEAM = FJC4YVDSFX;
				INFOPLIST_FILE = "Virtual Private NetworkTests/Info.plist";
				LD_RUNPATH_SEARCH_PATHS = "$(inherited) @executable_path/Frameworks @loader_path/Frameworks";
				PRODUCT_BUNDLE_IDENTIFIER = "com.lizhipeng.test.Virtual-Private-NetworkTests";
				PRODUCT_NAME = "$(TARGET_NAME)";
				TARGETED_DEVICE_FAMILY = "1,2";
				TEST_HOST = "$(BUILT_PRODUCTS_DIR)/Virtual Private Network.app/Virtual Private Network";
			};
			name = Release;
		};
		042E3DBC205B68D70082B18E /* Debug */ = {
			isa = XCBuildConfiguration;
			buildSettings = {
				CODE_SIGN_STYLE = Automatic;
				DEVELOPMENT_TEAM = FJC4YVDSFX;
				INFOPLIST_FILE = "Virtual Private NetworkUITests/Info.plist";
				LD_RUNPATH_SEARCH_PATHS = "$(inherited) @executable_path/Frameworks @loader_path/Frameworks";
				PRODUCT_BUNDLE_IDENTIFIER = "com.lizhipeng.test.Virtual-Private-NetworkUITests";
				PRODUCT_NAME = "$(TARGET_NAME)";
				TARGETED_DEVICE_FAMILY = "1,2";
				TEST_TARGET_NAME = "Virtual Private Network";
			};
			name = Debug;
		};
		042E3DBD205B68D70082B18E /* Release */ = {
			isa = XCBuildConfiguration;
			buildSettings = {
				CODE_SIGN_STYLE = Automatic;
				DEVELOPMENT_TEAM = FJC4YVDSFX;
				INFOPLIST_FILE = "Virtual Private NetworkUITests/Info.plist";
				LD_RUNPATH_SEARCH_PATHS = "$(inherited) @executable_path/Frameworks @loader_path/Frameworks";
				PRODUCT_BUNDLE_IDENTIFIER = "com.lizhipeng.test.Virtual-Private-NetworkUITests";
				PRODUCT_NAME = "$(TARGET_NAME)";
				TARGETED_DEVICE_FAMILY = "1,2";
				TEST_TARGET_NAME = "Virtual Private Network";
			};
			name = Release;
		};
/* End XCBuildConfiguration section */

/* Begin XCConfigurationList section */
		042E3D84205B68D60082B18E /* Build configuration list for PBXProject "Virtual Private Network" */ = {
			isa = XCConfigurationList;
			buildConfigurations = (
				042E3DB3205B68D70082B18E /* Debug */,
				042E3DB4205B68D70082B18E /* Release */,
			);
			defaultConfigurationIsVisible = 0;
			defaultConfigurationName = Release;
		};
		042E3DB5205B68D70082B18E /* Build configuration list for PBXNativeTarget "Virtual Private Network" */ = {
			isa = XCConfigurationList;
			buildConfigurations = (
				042E3DB6205B68D70082B18E /* Debug */,
				042E3DB7205B68D70082B18E /* Release */,
			);
			defaultConfigurationIsVisible = 0;
			defaultConfigurationName = Release;
		};
		042E3DB8205B68D70082B18E /* Build configuration list for PBXNativeTarget "Virtual Private NetworkTests" */ = {
			isa = XCConfigurationList;
			buildConfigurations = (
				042E3DB9205B68D70082B18E /* Debug */,
				042E3DBA205B68D70082B18E /* Release */,
			);
			defaultConfigurationIsVisible = 0;
			defaultConfigurationName = Release;
		};
		042E3DBB205B68D70082B18E /* Build configuration list for PBXNativeTarget "Virtual Private NetworkUITests" */ = {
			isa = XCConfigurationList;
			buildConfigurations = (
				042E3DBC205B68D70082B18E /* Debug */,
				042E3DBD205B68D70082B18E /* Release */,
			);
			defaultConfigurationIsVisible = 0;
			defaultConfigurationName = Release;
		};
/* End XCConfigurationList section */
	};
	rootObject = 042E3D81205B68D60082B18E /* Project object */;
}
